// !$*UTF8*$!
{
	archiveVersion = 1;
	classes = {
	};
	objectVersion = 46;
	objects = {

/* Begin PBXBuildFile section */
		854FA32E1D4F2AA50067902F /* main.m in Sources */ = {isa = PBXBuildFile; fileRef = 854FA32D1D4F2AA50067902F /* main.m */; };
		854FA3311D4F2AA50067902F /* AppDelegate.m in Sources */ = {isa = PBXBuildFile; fileRef = 854FA3301D4F2AA50067902F /* AppDelegate.m */; };
		854FA3341D4F2AA50067902F /* ViewController.m in Sources */ = {isa = PBXBuildFile; fileRef = 854FA3331D4F2AA50067902F /* ViewController.m */; };
		854FA3371D4F2AA50067902F /* Main.storyboard in Resources */ = {isa = PBXBuildFile; fileRef = 854FA3351D4F2AA50067902F /* Main.storyboard */; };
		854FA3391D4F2AA50067902F /* Assets.xcassets in Resources */ = {isa = PBXBuildFile; fileRef = 854FA3381D4F2AA50067902F /* Assets.xcassets */; };
		854FA33C1D4F2AA50067902F /* LaunchScreen.storyboard in Resources */ = {isa = PBXBuildFile; fileRef = 854FA33A1D4F2AA50067902F /* LaunchScreen.storyboard */; };
		854FA3471D4F2AA50067902F /* runtimeTestTests.m in Sources */ = {isa = PBXBuildFile; fileRef = 854FA3461D4F2AA50067902F /* runtimeTestTests.m */; };
		854FA3521D4F2AA50067902F /* runtimeTestUITests.m in Sources */ = {isa = PBXBuildFile; fileRef = 854FA3511D4F2AA50067902F /* runtimeTestUITests.m */; };
		854FA3611D4F2B150067902F /* MediatorVC.m in Sources */ = {isa = PBXBuildFile; fileRef = 854FA3601D4F2B150067902F /* MediatorVC.m */; };
		854FA3641D4F2B240067902F /* FirstVC.m in Sources */ = {isa = PBXBuildFile; fileRef = 854FA3631D4F2B240067902F /* FirstVC.m */; };
		854FA3671D4F2B360067902F /* SecondVC.m in Sources */ = {isa = PBXBuildFile; fileRef = 854FA3661D4F2B360067902F /* SecondVC.m */; };
		854FA36A1D4F3B1F0067902F /* FirstComponent.m in Sources */ = {isa = PBXBuildFile; fileRef = 854FA3691D4F3B1F0067902F /* FirstComponent.m */; };
		854FA36D1D4F3B3E0067902F /* SecondComponent.m in Sources */ = {isa = PBXBuildFile; fileRef = 854FA36C1D4F3B3E0067902F /* SecondComponent.m */; };
/* End PBXBuildFile section */

/* Begin PBXContainerItemProxy section */
		854FA3431D4F2AA50067902F /* PBXContainerItemProxy */ = {
			isa = PBXContainerItemProxy;
			containerPortal = 854FA3211D4F2AA50067902F /* Project object */;
			proxyType = 1;
			remoteGlobalIDString = 854FA3281D4F2AA50067902F;
			remoteInfo = runtimeTest;
		};
		854FA34E1D4F2AA50067902F /* PBXContainerItemProxy */ = {
			isa = PBXContainerItemProxy;
			containerPortal = 854FA3211D4F2AA50067902F /* Project object */;
			proxyType = 1;
			remoteGlobalIDString = 854FA3281D4F2AA50067902F;
			remoteInfo = runtimeTest;
		};
/* End PBXContainerItemProxy section */

/* Begin PBXFileReference section */
		854FA3291D4F2AA50067902F /* runtimeTest.app */ = {isa = PBXFileReference; explicitFileType = wrapper.application; includeInIndex = 0; path = runtimeTest.app; sourceTree = BUILT_PRODUCTS_DIR; };
		854FA32D1D4F2AA50067902F /* main.m */ = {isa = PBXFileReference; lastKnownFileType = sourcecode.c.objc; path = main.m; sourceTree = "<group>"; };
		854FA32F1D4F2AA50067902F /* AppDelegate.h */ = {isa = PBXFileReference; lastKnownFileType = sourcecode.c.h; path = AppDelegate.h; sourceTree = "<group>"; };
		854FA3301D4F2AA50067902F /* AppDelegate.m */ = {isa = PBXFileReference; lastKnownFileType = sourcecode.c.objc; path = AppDelegate.m; sourceTree = "<group>"; };
		854FA3321D4F2AA50067902F /* ViewController.h */ = {isa = PBXFileReference; lastKnownFileType = sourcecode.c.h; path = ViewController.h; sourceTree = "<group>"; };
		854FA3331D4F2AA50067902F /* ViewController.m */ = {isa = PBXFileReference; lastKnownFileType = sourcecode.c.objc; path = ViewController.m; sourceTree = "<group>"; };
		854FA3361D4F2AA50067902F /* Base */ = {isa = PBXFileReference; lastKnownFileType = file.storyboard; name = Base; path = Base.lproj/Main.storyboard; sourceTree = "<group>"; };
		854FA3381D4F2AA50067902F /* Assets.xcassets */ = {isa = PBXFileReference; lastKnownFileType = folder.assetcatalog; path = Assets.xcassets; sourceTree = "<group>"; };
		854FA33B1D4F2AA50067902F /* Base */ = {isa = PBXFileReference; lastKnownFileType = file.storyboard; name = Base; path = Base.lproj/LaunchScreen.storyboard; sourceTree = "<group>"; };
		854FA33D1D4F2AA50067902F /* Info.plist */ = {isa = PBXFileReference; lastKnownFileType = text.plist.xml; path = Info.plist; sourceTree = "<group>"; };
		854FA3421D4F2AA50067902F /* runtimeTestTests.xctest */ = {isa = PBXFileReference; explicitFileType = wrapper.cfbundle; includeInIndex = 0; path = runtimeTestTests.xctest; sourceTree = BUILT_PRODUCTS_DIR; };
		854FA3461D4F2AA50067902F /* runtimeTestTests.m */ = {isa = PBXFileReference; lastKnownFileType = sourcecode.c.objc; path = runtimeTestTests.m; sourceTree = "<group>"; };
		854FA3481D4F2AA50067902F /* Info.plist */ = {isa = PBXFileReference; lastKnownFileType = text.plist.xml; path = Info.plist; sourceTree = "<group>"; };
		854FA34D1D4F2AA50067902F /* runtimeTestUITests.xctest */ = {isa = PBXFileReference; explicitFileType = wrapper.cfbundle; includeInIndex = 0; path = runtimeTestUITests.xctest; sourceTree = BUILT_PRODUCTS_DIR; };
		854FA3511D4F2AA50067902F /* runtimeTestUITests.m */ = {isa = PBXFileReference; lastKnownFileType = sourcecode.c.objc; path = runtimeTestUITests.m; sourceTree = "<group>"; };
		854FA3531D4F2AA50067902F /* Info.plist */ = {isa = PBXFileReference; lastKnownFileType = text.plist.xml; path = Info.plist; sourceTree = "<group>"; };
		854FA35F1D4F2B150067902F /* MediatorVC.h */ = {isa = PBXFileReference; fileEncoding = 4; lastKnownFileType = sourcecode.c.h; path = MediatorVC.h; sourceTree = "<group>"; };
		854FA3601D4F2B150067902F /* MediatorVC.m */ = {isa = PBXFileReference; fileEncoding = 4; lastKnownFileType = sourcecode.c.objc; path = MediatorVC.m; sourceTree = "<group>"; };
		854FA3621D4F2B240067902F /* FirstVC.h */ = {isa = PBXFileReference; fileEncoding = 4; lastKnownFileType = sourcecode.c.h; path = FirstVC.h; sourceTree = "<group>"; };
		854FA3631D4F2B240067902F /* FirstVC.m */ = {isa = PBXFileReference; fileEncoding = 4; lastKnownFileType = sourcecode.c.objc; path = FirstVC.m; sourceTree = "<group>"; };
		854FA3651D4F2B360067902F /* SecondVC.h */ = {isa = PBXFileReference; fileEncoding = 4; lastKnownFileType = sourcecode.c.h; path = SecondVC.h; sourceTree = "<group>"; };
		854FA3661D4F2B360067902F /* SecondVC.m */ = {isa = PBXFileReference; fileEncoding = 4; lastKnownFileType = sourcecode.c.objc; path = SecondVC.m; sourceTree = "<group>"; };
		854FA3681D4F3B1F0067902F /* FirstComponent.h */ = {isa = PBXFileReference; fileEncoding = 4; lastKnownFileType = sourcecode.c.h; path = FirstComponent.h; sourceTree = "<group>"; };
		854FA3691D4F3B1F0067902F /* FirstComponent.m */ = {isa = PBXFileReference; fileEncoding = 4; lastKnownFileType = sourcecode.c.objc; path = FirstComponent.m; sourceTree = "<group>"; };
		854FA36B1D4F3B3E0067902F /* SecondComponent.h */ = {isa = PBXFileReference; fileEncoding = 4; lastKnownFileType = sourcecode.c.h; path = SecondComponent.h; sourceTree = "<group>"; };
		854FA36C1D4F3B3E0067902F /* SecondComponent.m */ = {isa = PBXFileReference; fileEncoding = 4; lastKnownFileType = sourcecode.c.objc; path = SecondComponent.m; sourceTree = "<group>"; };
/* End PBXFileReference section */

/* Begin PBXFrameworksBuildPhase section */
		854FA3261D4F2AA50067902F /* Frameworks */ = {
			isa = PBXFrameworksBuildPhase;
			buildActionMask = 2147483647;
			files = (
			);
			runOnlyForDeploymentPostprocessing = 0;
		};
		854FA33F1D4F2AA50067902F /* Frameworks */ = {
			isa = PBXFrameworksBuildPhase;
			buildActionMask = 2147483647;
			files = (
			);
			runOnlyForDeploymentPostprocessing = 0;
		};
		854FA34A1D4F2AA50067902F /* Frameworks */ = {
			isa = PBXFrameworksBuildPhase;
			buildActionMask = 2147483647;
			files = (
			);
			runOnlyForDeploymentPostprocessing = 0;
		};
/* End PBXFrameworksBuildPhase section */

/* Begin PBXGroup section */
		854FA3201D4F2AA50067902F = {
			isa = PBXGroup;
			children = (
				854FA32B1D4F2AA50067902F /* runtimeTest */,
				854FA3451D4F2AA50067902F /* runtimeTestTests */,
				854FA3501D4F2AA50067902F /* runtimeTestUITests */,
				854FA32A1D4F2AA50067902F /* Products */,
			);
			sourceTree = "<group>";
		};
		854FA32A1D4F2AA50067902F /* Products */ = {
			isa = PBXGroup;
			children = (
				854FA3291D4F2AA50067902F /* runtimeTest.app */,
				854FA3421D4F2AA50067902F /* runtimeTestTests.xctest */,
				854FA34D1D4F2AA50067902F /* runtimeTestUITests.xctest */,
			);
			name = Products;
			sourceTree = "<group>";
		};
		854FA32B1D4F2AA50067902F /* runtimeTest */ = {
			isa = PBXGroup;
			children = (
				854FA32F1D4F2AA50067902F /* AppDelegate.h */,
				854FA3301D4F2AA50067902F /* AppDelegate.m */,
				854FA3321D4F2AA50067902F /* ViewController.h */,
				854FA3331D4F2AA50067902F /* ViewController.m */,
				854FA35F1D4F2B150067902F /* MediatorVC.h */,
				854FA3601D4F2B150067902F /* MediatorVC.m */,
				854FA3621D4F2B240067902F /* FirstVC.h */,
				854FA3631D4F2B240067902F /* FirstVC.m */,
				854FA3681D4F3B1F0067902F /* FirstComponent.h */,
				854FA3691D4F3B1F0067902F /* FirstComponent.m */,
				854FA3651D4F2B360067902F /* SecondVC.h */,
				854FA3661D4F2B360067902F /* SecondVC.m */,
				854FA36B1D4F3B3E0067902F /* SecondComponent.h */,
				854FA36C1D4F3B3E0067902F /* SecondComponent.m */,
				854FA3351D4F2AA50067902F /* Main.storyboard */,
				854FA3381D4F2AA50067902F /* Assets.xcassets */,
				854FA33A1D4F2AA50067902F /* LaunchScreen.storyboard */,
				854FA33D1D4F2AA50067902F /* Info.plist */,
				854FA32C1D4F2AA50067902F /* Supporting Files */,
			);
			path = runtimeTest;
			sourceTree = "<group>";
		};
		854FA32C1D4F2AA50067902F /* Supporting Files */ = {
			isa = PBXGroup;
			children = (
				854FA32D1D4F2AA50067902F /* main.m */,
			);
			name = "Supporting Files";
			sourceTree = "<group>";
		};
		854FA3451D4F2AA50067902F /* runtimeTestTests */ = {
			isa = PBXGroup;
			children = (
				854FA3461D4F2AA50067902F /* runtimeTestTests.m */,
				854FA3481D4F2AA50067902F /* Info.plist */,
			);
			path = runtimeTestTests;
			sourceTree = "<group>";
		};
		854FA3501D4F2AA50067902F /* runtimeTestUITests */ = {
			isa = PBXGroup;
			children = (
				854FA3511D4F2AA50067902F /* runtimeTestUITests.m */,
				854FA3531D4F2AA50067902F /* Info.plist */,
			);
			path = runtimeTestUITests;
			sourceTree = "<group>";
		};
/* End PBXGroup section */

/* Begin PBXNativeTarget section */
		854FA3281D4F2AA50067902F /* runtimeTest */ = {
			isa = PBXNativeTarget;
			buildConfigurationList = 854FA3561D4F2AA50067902F /* Build configuration list for PBXNativeTarget "runtimeTest" */;
			buildPhases = (
				854FA3251D4F2AA50067902F /* Sources */,
				854FA3261D4F2AA50067902F /* Frameworks */,
				854FA3271D4F2AA50067902F /* Resources */,
			);
			buildRules = (
			);
			dependencies = (
			);
			name = runtimeTest;
			productName = runtimeTest;
			productReference = 854FA3291D4F2AA50067902F /* runtimeTest.app */;
			productType = "com.apple.product-type.application";
		};
		854FA3411D4F2AA50067902F /* runtimeTestTests */ = {
			isa = PBXNativeTarget;
			buildConfigurationList = 854FA3591D4F2AA50067902F /* Build configuration list for PBXNativeTarget "runtimeTestTests" */;
			buildPhases = (
				854FA33E1D4F2AA50067902F /* Sources */,
				854FA33F1D4F2AA50067902F /* Frameworks */,
				854FA3401D4F2AA50067902F /* Resources */,
			);
			buildRules = (
			);
			dependencies = (
				854FA3441D4F2AA50067902F /* PBXTargetDependency */,
			);
			name = runtimeTestTests;
			productName = runtimeTestTests;
			productReference = 854FA3421D4F2AA50067902F /* runtimeTestTests.xctest */;
			productType = "com.apple.product-type.bundle.unit-test";
		};
		854FA34C1D4F2AA50067902F /* runtimeTestUITests */ = {
			isa = PBXNativeTarget;
			buildConfigurationList = 854FA35C1D4F2AA50067902F /* Build configuration list for PBXNativeTarget "runtimeTestUITests" */;
			buildPhases = (
				854FA3491D4F2AA50067902F /* Sources */,
				854FA34A1D4F2AA50067902F /* Frameworks */,
				854FA34B1D4F2AA50067902F /* Resources */,
			);
			buildRules = (
			);
			dependencies = (
				854FA34F1D4F2AA50067902F /* PBXTargetDependency */,
			);
			name = runtimeTestUITests;
			productName = runtimeTestUITests;
			productReference = 854FA34D1D4F2AA50067902F /* runtimeTestUITests.xctest */;
			productType = "com.apple.product-type.bundle.ui-testing";
		};
/* End PBXNativeTarget section */

/* Begin PBXProject section */
		854FA3211D4F2AA50067902F /* Project object */ = {
			isa = PBXProject;
			attributes = {
				LastUpgradeCheck = 0730;
				ORGANIZATIONNAME = Monstar;
				TargetAttributes = {
					854FA3281D4F2AA50067902F = {
						CreatedOnToolsVersion = 7.3.1;
					};
					854FA3411D4F2AA50067902F = {
						CreatedOnToolsVersion = 7.3.1;
						TestTargetID = 854FA3281D4F2AA50067902F;
					};
					854FA34C1D4F2AA50067902F = {
						CreatedOnToolsVersion = 7.3.1;
						TestTargetID = 854FA3281D4F2AA50067902F;
					};
				};
			};
			buildConfigurationList = 854FA3241D4F2AA50067902F /* Build configuration list for PBXProject "runtimeTest" */;
			compatibilityVersion = "Xcode 3.2";
			developmentRegion = English;
			hasScannedForEncodings = 0;
			knownRegions = (
				en,
				Base,
			);
			mainGroup = 854FA3201D4F2AA50067902F;
			productRefGroup = 854FA32A1D4F2AA50067902F /* Products */;
			projectDirPath = "";
			projectRoot = "";
			targets = (
				854FA3281D4F2AA50067902F /* runtimeTest */,
				854FA3411D4F2AA50067902F /* runtimeTestTests */,
				854FA34C1D4F2AA50067902F /* runtimeTestUITests */,
			);
		};
/* End PBXProject section */

/* Begin PBXResourcesBuildPhase section */
		854FA3271D4F2AA50067902F /* Resources */ = {
			isa = PBXResourcesBuildPhase;
			buildActionMask = 2147483647;
			files = (
				854FA33C1D4F2AA50067902F /* LaunchScreen.storyboard in Resources */,
				854FA3391D4F2AA50067902F /* Assets.xcassets in Resources */,
				854FA3371D4F2AA50067902F /* Main.storyboard in Resources */,
			);
			runOnlyForDeploymentPostprocessing = 0;
		};
		854FA3401D4F2AA50067902F /* Resources */ = {
			isa = PBXResourcesBuildPhase;
			buildActionMask = 2147483647;
			files = (
			);
			runOnlyForDeploymentPostprocessing = 0;
		};
		854FA34B1D4F2AA50067902F /* Resources */ = {
			isa = PBXResourcesBuildPhase;
			buildActionMask = 2147483647;
			files = (
			);
			runOnlyForDeploymentPostprocessing = 0;
		};
/* End PBXResourcesBuildPhase section */

/* Begin PBXSourcesBuildPhase section */
		854FA3251D4F2AA50067902F /* Sources */ = {
			isa = PBXSourcesBuildPhase;
			buildActionMask = 2147483647;
			files = (
				854FA3641D4F2B240067902F /* FirstVC.m in Sources */,
				854FA3341D4F2AA50067902F /* ViewController.m in Sources */,
				854FA3611D4F2B150067902F /* MediatorVC.m in Sources */,
				854FA36D1D4F3B3E0067902F /* SecondComponent.m in Sources */,
				854FA3311D4F2AA50067902F /* AppDelegate.m in Sources */,
				854FA3671D4F2B360067902F /* SecondVC.m in Sources */,
				854FA36A1D4F3B1F0067902F /* FirstComponent.m in Sources */,
				854FA32E1D4F2AA50067902F /* main.m in Sources */,
			);
			runOnlyForDeploymentPostprocessing = 0;
		};
		854FA33E1D4F2AA50067902F /* Sources */ = {
			isa = PBXSourcesBuildPhase;
			buildActionMask = 2147483647;
			files = (
				854FA3471D4F2AA50067902F /* runtimeTestTests.m in Sources */,
			);
			runOnlyForDeploymentPostprocessing = 0;
		};
		854FA3491D4F2AA50067902F /* Sources */ = {
			isa = PBXSourcesBuildPhase;
			buildActionMask = 2147483647;
			files = (
				854FA3521D4F2AA50067902F /* runtimeTestUITests.m in Sources */,
			);
			runOnlyForDeploymentPostprocessing = 0;
		};
/* End PBXSourcesBuildPhase section */

/* Begin PBXTargetDependency section */
		854FA3441D4F2AA50067902F /* PBXTargetDependency */ = {
			isa = PBXTargetDependency;
			target = 854FA3281D4F2AA50067902F /* runtimeTest */;
			targetProxy = 854FA3431D4F2AA50067902F /* PBXContainerItemProxy */;
		};
		854FA34F1D4F2AA50067902F /* PBXTargetDependency */ = {
			isa = PBXTargetDependency;
			target = 854FA3281D4F2AA50067902F /* runtimeTest */;
			targetProxy = 854FA34E1D4F2AA50067902F /* PBXContainerItemProxy */;
		};
/* End PBXTargetDependency section */

/* Begin PBXVariantGroup section */
		854FA3351D4F2AA50067902F /* Main.storyboard */ = {
			isa = PBXVariantGroup;
			children = (
				854FA3361D4F2AA50067902F /* Base */,
			);
			name = Main.storyboard;
			sourceTree = "<group>";
		};
		854FA33A1D4F2AA50067902F /* LaunchScreen.storyboard */ = {
			isa = PBXVariantGroup;
			children = (
				854FA33B1D4F2AA50067902F /* Base */,
			);
			name = LaunchScreen.storyboard;
			sourceTree = "<group>";
		};
/* End PBXVariantGroup section */

/* Begin XCBuildConfiguration section */
		854FA3541D4F2AA50067902F /* Debug */ = {
			isa = XCBuildConfiguration;
			buildSettings = {
				ALWAYS_SEARCH_USER_PATHS = NO;
				CLANG_ANALYZER_NONNULL = YES;
				CLANG_CXX_LANGUAGE_STANDARD = "gnu++0x";
				CLANG_CXX_LIBRARY = "libc++";
				CLANG_ENABLE_MODULES = YES;
				CLANG_ENABLE_OBJC_ARC = YES;
				CLANG_WARN_BOOL_CONVERSION = YES;
				CLANG_WARN_CONSTANT_CONVERSION = YES;
				CLANG_WARN_DIRECT_OBJC_ISA_USAGE = YES_ERROR;
				CLANG_WARN_EMPTY_BODY = YES;
				CLANG_WARN_ENUM_CONVERSION = YES;
				CLANG_WARN_INT_CONVERSION = YES;
				CLANG_WARN_OBJC_ROOT_CLASS = YES_ERROR;
				CLANG_WARN_UNREACHABLE_CODE = YES;
				CLANG_WARN__DUPLICATE_METHOD_MATCH = YES;
				"CODE_SIGN_IDENTITY[sdk=iphoneos*]" = "iPhone Developer";
				COPY_PHASE_STRIP = NO;
				DEBUG_INFORMATION_FORMAT = dwarf;
				ENABLE_STRICT_OBJC_MSGSEND = YES;
				ENABLE_TESTABILITY = YES;
				GCC_C_LANGUAGE_STANDARD = gnu99;
				GCC_DYNAMIC_NO_PIC = NO;
				GCC_NO_COMMON_BLOCKS = YES;
				GCC_OPTIMIZATION_LEVEL = 0;
				GCC_PREPROCESSOR_DEFINITIONS = (
					"DEBUG=1",
					"$(inherited)",
				);
				GCC_WARN_64_TO_32_BIT_CONVERSION = YES;
				GCC_WARN_ABOUT_RETURN_TYPE = YES_ERROR;
				GCC_WARN_UNDECLARED_SELECTOR = YES;
				GCC_WARN_UNINITIALIZED_AUTOS = YES_AGGRESSIVE;
				GCC_WARN_UNUSED_FUNCTION = YES;
				GCC_WARN_UNUSED_VARIABLE = YES;
				IPHONEOS_DEPLOYMENT_TARGET = 9.3;
				MTL_ENABLE_DEBUG_INFO = YES;
				ONLY_ACTIVE_ARCH = YES;
				SDKROOT = iphoneos;
				TARGETED_DEVICE_FAMILY = "1,2";
			};
			name = Debug;
		};
		854FA3551D4F2AA50067902F /* Release */ = {
			isa = XCBuildConfiguration;
			buildSettings = {
				ALWAYS_SEARCH_USER_PATHS = NO;
				CLANG_ANALYZER_NONNULL = YES;
				CLANG_CXX_LANGUAGE_STANDARD = "gnu++0x";
				CLANG_CXX_LIBRARY = "libc++";
				CLANG_ENABLE_MODULES = YES;
				CLANG_ENABLE_OBJC_ARC = YES;
				CLANG_WARN_BOOL_CONVERSION = YES;
				CLANG_WARN_CONSTANT_CONVERSION = YES;
				CLANG_WARN_DIRECT_OBJC_ISA_USAGE = YES_ERROR;
				CLANG_WARN_EMPTY_BODY = YES;
				CLANG_WARN_ENUM_CONVERSION = YES;
				CLANG_WARN_INT_CONVERSION = YES;
				CLANG_WARN_OBJC_ROOT_CLASS = YES_ERROR;
				CLANG_WARN_UNREACHABLE_CODE = YES;
				CLANG_WARN__DUPLICATE_METHOD_MATCH = YES;
				"CODE_SIGN_IDENTITY[sdk=iphoneos*]" = "iPhone Developer";
				COPY_PHASE_STRIP = NO;
				DEBUG_INFORMATION_FORMAT = "dwarf-with-dsym";
				ENABLE_NS_ASSERTIONS = NO;
				ENABLE_STRICT_OBJC_MSGSEND = YES;
				GCC_C_LANGUAGE_STANDARD = gnu99;
				GCC_NO_COMMON_BLOCKS = YES;
				GCC_WARN_64_TO_32_BIT_CONVERSION = YES;
				GCC_WARN_ABOUT_RETURN_TYPE = YES_ERROR;
				GCC_WARN_UNDECLARED_SELECTOR = YES;
				GCC_WARN_UNINITIALIZED_AUTOS = YES_AGGRESSIVE;
				GCC_WARN_UNUSED_FUNCTION = YES;
				GCC_WARN_UNUSED_VARIABLE = YES;
				IPHONEOS_DEPLOYMENT_TARGET = 9.3;
				MTL_ENABLE_DEBUG_INFO = NO;
				SDKROOT = iphoneos;
				TARGETED_DEVICE_FAMILY = "1,2";
				VALIDATE_PRODUCT = YES;
			};
			name = Release;
		};
		854FA3571D4F2AA50067902F /* Debug */ = {
			isa = XCBuildConfiguration;
			buildSettings = {
				ASSETCATALOG_COMPILER_APPICON_NAME = AppIcon;
				INFOPLIST_FILE = runtimeTest/Info.plist;
				LD_RUNPATH_SEARCH_PATHS = "$(inherited) @executable_path/Frameworks";
				PRODUCT_BUNDLE_IDENTIFIER = com.runtimeTest.com.runtimeTest;
				PRODUCT_NAME = "$(TARGET_NAME)";
			};
			name = Debug;
		};
		854FA3581D4F2AA50067902F /* Release */ = {
			isa = XCBuildConfiguration;
			buildSettings = {
				ASSETCATALOG_COMPILER_APPICON_NAME = AppIcon;
				INFOPLIST_FILE = runtimeTest/Info.plist;
				LD_RUNPATH_SEARCH_PATHS = "$(inherited) @executable_path/Frameworks";
				PRODUCT_BUNDLE_IDENTIFIER = com.runtimeTest.com.runtimeTest;
				PRODUCT_NAME = "$(TARGET_NAME)";
			};
			name = Release;
		};
		854FA35A1D4F2AA50067902F /* Debug */ = {
			isa = XCBuildConfiguration;
			buildSettings = {
				BUNDLE_LOADER = "$(TEST_HOST)";
				INFOPLIST_FILE = runtimeTestTests/Info.plist;
				LD_RUNPATH_SEARCH_PATHS = "$(inherited) @executable_path/Frameworks @loader_path/Frameworks";
				PRODUCT_BUNDLE_IDENTIFIER = com.runtimeTest.com.runtimeTestTests;
				PRODUCT_NAME = "$(TARGET_NAME)";
				TEST_HOST = "$(BUILT_PRODUCTS_DIR)/runtimeTest.app/runtimeTest";
			};
			name = Debug;
		};
		854FA35B1D4F2AA50067902F /* Release */ = {
			isa = XCBuildConfiguration;
			buildSettings = {
				BUNDLE_LOADER = "$(TEST_HOST)";
				INFOPLIST_FILE = runtimeTestTests/Info.plist;
				LD_RUNPATH_SEARCH_PATHS = "$(inherited) @executable_path/Frameworks @loader_path/Frameworks";
				PRODUCT_BUNDLE_IDENTIFIER = com.runtimeTest.com.runtimeTestTests;
				PRODUCT_NAME = "$(TARGET_NAME)";
				TEST_HOST = "$(BUILT_PRODUCTS_DIR)/runtimeTest.app/runtimeTest";
			};
			name = Release;
		};
		854FA35D1D4F2AA50067902F /* Debug */ = {
			isa = XCBuildConfiguration;
			buildSettings = {
				INFOPLIST_FILE = runtimeTestUITests/Info.plist;
				LD_RUNPATH_SEARCH_PATHS = "$(inherited) @executable_path/Frameworks @loader_path/Frameworks";
				PRODUCT_BUNDLE_IDENTIFIER = com.runtimeTest.com.runtimeTestUITests;
				PRODUCT_NAME = "$(TARGET_NAME)";
				TEST_TARGET_NAME = runtimeTest;
			};
			name = Debug;
		};
		854FA35E1D4F2AA50067902F /* Release */ = {
			isa = XCBuildConfiguration;
			buildSettings = {
				INFOPLIST_FILE = runtimeTestUITests/Info.plist;
				LD_RUNPATH_SEARCH_PATHS = "$(inherited) @executable_path/Frameworks @loader_path/Frameworks";
				PRODUCT_BUNDLE_IDENTIFIER = com.runtimeTest.com.runtimeTestUITests;
				PRODUCT_NAME = "$(TARGET_NAME)";
				TEST_TARGET_NAME = runtimeTest;
			};
			name = Release;
		};
/* End XCBuildConfiguration section */

/* Begin XCConfigurationList section */
		854FA3241D4F2AA50067902F /* Build configuration list for PBXProject "runtimeTest" */ = {
			isa = XCConfigurationList;
			buildConfigurations = (
				854FA3541D4F2AA50067902F /* Debug */,
				854FA3551D4F2AA50067902F /* Release */,
			);
			defaultConfigurationIsVisible = 0;
			defaultConfigurationName = Release;
		};
		854FA3561D4F2AA50067902F /* Build configuration list for PBXNativeTarget "runtimeTest" */ = {
			isa = XCConfigurationList;
			buildConfigurations = (
				854FA3571D4F2AA50067902F /* Debug */,
				854FA3581D4F2AA50067902F /* Release */,
			);
			defaultConfigurationIsVisible = 0;
		};
		854FA3591D4F2AA50067902F /* Build configuration list for PBXNativeTarget "runtimeTestTests" */ = {
			isa = XCConfigurationList;
			buildConfigurations = (
				854FA35A1D4F2AA50067902F /* Debug */,
				854FA35B1D4F2AA50067902F /* Release */,
			);
			defaultConfigurationIsVisible = 0;
		};
		854FA35C1D4F2AA50067902F /* Build configuration list for PBXNativeTarget "runtimeTestUITests" */ = {
			isa = XCConfigurationList;
			buildConfigurations = (
				854FA35D1D4F2AA50067902F /* Debug */,
				854FA35E1D4F2AA50067902F /* Release */,
			);
			defaultConfigurationIsVisible = 0;
		};
/* End XCConfigurationList section */
	};
	rootObject = 854FA3211D4F2AA50067902F /* Project object */;
}
